
Microsoft Visual Studio Solution File, Format Version 12.00
# Visual Studio Version 17
VisualStudioVersion = 17.0.31903.59
MinimumVisualStudioVersion = 10.0.40219.1
Project("{2150E333-8FDC-42A3-9474-1A3956D46DE8}") = "src", "src", "{827E0CD3-B72D-47B6-A68D-7590B98EB39B}"
EndProject
Project("{FAE04EC0-301F-11D3-BF4B-00C04F79EFBC}") = "Webhooks.Events", "src\Webhooks.Events\Webhooks.Events.csproj", "{D3DC5822-E170-43D9-995F-26A75E084F13}"
EndProject
Project("{FAE04EC0-301F-11D3-BF4B-00C04F79EFBC}") = "Webhooks.Compliance", "src\Webhooks.Compliance\Webhooks.Compliance.csproj", "{B86DCE18-F88B-4303-AC34-770BB597D809}"
EndProject
Project("{FAE04EC0-301F-11D3-BF4B-00C04F79EFBC}") = "Webhooks.Audit", "src\Webhooks.Audit\Webhooks.Audit.csproj", "{0220D8C1-E5D7-418C-BB5B-C8A3B7CF8A61}"
EndProject
Project("{FAE04EC0-301F-11D3-BF4B-00C04F79EFBC}") = "Webhooks.Outbound", "src\Webhooks.Outbound\Webhooks.Outbound.csproj", "{1F5801F2-A87C-45C3-9A78-1DA4A5CE8D23}"
EndProject
Project("{FAE04EC0-301F-11D3-BF4B-00C04F79EFBC}") = "Webhooks.Inbound", "src\Webhooks.Inbound\Webhooks.Inbound.csproj", "{4D08001F-0F2F-4C81-A613-0250AB1B2471}"
EndProject
Project("{2150E333-8FDC-42A3-9474-1A3956D46DE8}") = "samples", "samples", "{5D20AA90-6969-D8BD-9DCD-8634F4692FDA}"
EndProject
Project("{FAE04EC0-301F-11D3-BF4B-00C04F79EFBC}") = "Webhooks.SampleApp", "samples\Webhooks.SampleApp\Webhooks.SampleApp.csproj", "{AEEDDCA0-106D-47F2-A2ED-CFD24AB99715}"
EndProject
Global
	GlobalSection(SolutionConfigurationPlatforms) = preSolution
		Debug|Any CPU = Debug|Any CPU
		Debug|x64 = Debug|x64
		Debug|x86 = Debug|x86
		Release|Any CPU = Release|Any CPU
		Release|x64 = Release|x64
		Release|x86 = Release|x86
	EndGlobalSection
	GlobalSection(ProjectConfigurationPlatforms) = postSolution
		{D3DC5822-E170-43D9-995F-26A75E084F13}.Debug|Any CPU.ActiveCfg = Debug|Any CPU
		{D3DC5822-E170-43D9-995F-26A75E084F13}.Debug|Any CPU.Build.0 = Debug|Any CPU
		{D3DC5822-E170-43D9-995F-26A75E084F13}.Debug|x64.ActiveCfg = Debug|Any CPU
		{D3DC5822-E170-43D9-995F-26A75E084F13}.Debug|x64.Build.0 = Debug|Any CPU
		{D3DC5822-E170-43D9-995F-26A75E084F13}.Debug|x86.ActiveCfg = Debug|Any CPU
		{D3DC5822-E170-43D9-995F-26A75E084F13}.Debug|x86.Build.0 = Debug|Any CPU
		{D3DC5822-E170-43D9-995F-26A75E084F13}.Release|Any CPU.ActiveCfg = Release|Any CPU
		{D3DC5822-E170-43D9-995F-26A75E084F13}.Release|Any CPU.Build.0 = Release|Any CPU
		{D3DC5822-E170-43D9-995F-26A75E084F13}.Release|x64.ActiveCfg = Release|Any CPU
		{D3DC5822-E170-43D9-995F-26A75E084F13}.Release|x64.Build.0 = Release|Any CPU
		{D3DC5822-E170-43D9-995F-26A75E084F13}.Release|x86.ActiveCfg = Release|Any CPU
		{D3DC5822-E170-43D9-995F-26A75E084F13}.Release|x86.Build.0 = Release|Any CPU
		{B86DCE18-F88B-4303-AC34-770BB597D809}.Debug|Any CPU.ActiveCfg = Debug|Any CPU
		{B86DCE18-F88B-4303-AC34-770BB597D809}.Debug|Any CPU.Build.0 = Debug|Any CPU
		{B86DCE18-F88B-4303-AC34-770BB597D809}.Debug|x64.ActiveCfg = Debug|Any CPU
		{B86DCE18-F88B-4303-AC34-770BB597D809}.Debug|x64.Build.0 = Debug|Any CPU
		{B86DCE18-F88B-4303-AC34-770BB597D809}.Debug|x86.ActiveCfg = Debug|Any CPU
		{B86DCE18-F88B-4303-AC34-770BB597D809}.Debug|x86.Build.0 = Debug|Any CPU
		{B86DCE18-F88B-4303-AC34-770BB597D809}.Release|Any CPU.ActiveCfg = Release|Any CPU
		{B86DCE18-F88B-4303-AC34-770BB597D809}.Release|Any CPU.Build.0 = Release|Any CPU
		{B86DCE18-F88B-4303-AC34-770BB597D809}.Release|x64.ActiveCfg = Release|Any CPU
		{B86DCE18-F88B-4303-AC34-770BB597D809}.Release|x64.Build.0 = Release|Any CPU
		{B86DCE18-F88B-4303-AC34-770BB597D809}.Release|x86.ActiveCfg = Release|Any CPU
		{B86DCE18-F88B-4303-AC34-770BB597D809}.Release|x86.Build.0 = Release|Any CPU
		{0220D8C1-E5D7-418C-BB5B-C8A3B7CF8A61}.Debug|Any CPU.ActiveCfg = Debug|Any CPU
		{0220D8C1-E5D7-418C-BB5B-C8A3B7CF8A61}.Debug|Any CPU.Build.0 = Debug|Any CPU
		{0220D8C1-E5D7-418C-BB5B-C8A3B7CF8A61}.Debug|x64.ActiveCfg = Debug|Any CPU
		{0220D8C1-E5D7-418C-BB5B-C8A3B7CF8A61}.Debug|x64.Build.0 = Debug|Any CPU
		{0220D8C1-E5D7-418C-BB5B-C8A3B7CF8A61}.Debug|x86.ActiveCfg = Debug|Any CPU
		{0220D8C1-E5D7-418C-BB5B-C8A3B7CF8A61}.Debug|x86.Build.0 = Debug|Any CPU
		{0220D8C1-E5D7-418C-BB5B-C8A3B7CF8A61}.Release|Any CPU.ActiveCfg = Release|Any CPU
		{0220D8C1-E5D7-418C-BB5B-C8A3B7CF8A61}.Release|Any CPU.Build.0 = Release|Any CPU
		{0220D8C1-E5D7-418C-BB5B-C8A3B7CF8A61}.Release|x64.ActiveCfg = Release|Any CPU
		{0220D8C1-E5D7-418C-BB5B-C8A3B7CF8A61}.Release|x64.Build.0 = Release|Any CPU
		{0220D8C1-E5D7-418C-BB5B-C8A3B7CF8A61}.Release|x86.ActiveCfg = Release|Any CPU
		{0220D8C1-E5D7-418C-BB5B-C8A3B7CF8A61}.Release|x86.Build.0 = Release|Any CPU
		{1F5801F2-A87C-45C3-9A78-1DA4A5CE8D23}.Debug|Any CPU.ActiveCfg = Debug|Any CPU
		{1F5801F2-A87C-45C3-9A78-1DA4A5CE8D23}.Debug|Any CPU.Build.0 = Debug|Any CPU
		{1F5801F2-A87C-45C3-9A78-1DA4A5CE8D23}.Debug|x64.ActiveCfg = Debug|Any CPU
		{1F5801F2-A87C-45C3-9A78-1DA4A5CE8D23}.Debug|x64.Build.0 = Debug|Any CPU
		{1F5801F2-A87C-45C3-9A78-1DA4A5CE8D23}.Debug|x86.ActiveCfg = Debug|Any CPU
		{1F5801F2-A87C-45C3-9A78-1DA4A5CE8D23}.Debug|x86.Build.0 = Debug|Any CPU
		{1F5801F2-A87C-45C3-9A78-1DA4A5CE8D23}.Release|Any CPU.ActiveCfg = Release|Any CPU
		{1F5801F2-A87C-45C3-9A78-1DA4A5CE8D23}.Release|Any CPU.Build.0 = Release|Any CPU
		{1F5801F2-A87C-45C3-9A78-1DA4A5CE8D23}.Release|x64.ActiveCfg = Release|Any CPU
		{1F5801F2-A87C-45C3-9A78-1DA4A5CE8D23}.Release|x64.Build.0 = Release|Any CPU
		{1F5801F2-A87C-45C3-9A78-1DA4A5CE8D23}.Release|x86.ActiveCfg = Release|Any CPU
		{1F5801F2-A87C-45C3-9A78-1DA4A5CE8D23}.Release|x86.Build.0 = Release|Any CPU
		{4D08001F-0F2F-4C81-A613-0250AB1B2471}.Debug|Any CPU.ActiveCfg = Debug|Any CPU
		{4D08001F-0F2F-4C81-A613-0250AB1B2471}.Debug|Any CPU.Build.0 = Debug|Any CPU
		{4D08001F-0F2F-4C81-A613-0250AB1B2471}.Debug|x64.ActiveCfg = Debug|Any CPU
		{4D08001F-0F2F-4C81-A613-0250AB1B2471}.Debug|x64.Build.0 = Debug|Any CPU
		{4D08001F-0F2F-4C81-A613-0250AB1B2471}.Debug|x86.ActiveCfg = Debug|Any CPU
		{4D08001F-0F2F-4C81-A613-0250AB1B2471}.Debug|x86.Build.0 = Debug|Any CPU
		{4D08001F-0F2F-4C81-A613-0250AB1B2471}.Release|Any CPU.ActiveCfg = Release|Any CPU
		{4D08001F-0F2F-4C81-A613-0250AB1B2471}.Release|Any CPU.Build.0 = Release|Any CPU
		{4D08001F-0F2F-4C81-A613-0250AB1B2471}.Release|x64.ActiveCfg = Release|Any CPU
		{4D08001F-0F2F-4C81-A613-0250AB1B2471}.Release|x64.Build.0 = Release|Any CPU
		{4D08001F-0F2F-4C81-A613-0250AB1B2471}.Release|x86.ActiveCfg = Release|Any CPU
		{4D08001F-0F2F-4C81-A613-0250AB1B2471}.Release|x86.Build.0 = Release|Any CPU
		{AEEDDCA0-106D-47F2-A2ED-CFD24AB99715}.Debug|Any CPU.ActiveCfg = Debug|Any CPU
		{AEEDDCA0-106D-47F2-A2ED-CFD24AB99715}.Debug|Any CPU.Build.0 = Debug|Any CPU
		{AEEDDCA0-106D-47F2-A2ED-CFD24AB99715}.Debug|x64.ActiveCfg = Debug|Any CPU
		{AEEDDCA0-106D-47F2-A2ED-CFD24AB99715}.Debug|x64.Build.0 = Debug|Any CPU
		{AEEDDCA0-106D-47F2-A2ED-CFD24AB99715}.Debug|x86.ActiveCfg = Debug|Any CPU
		{AEEDDCA0-106D-47F2-A2ED-CFD24AB99715}.Debug|x86.Build.0 = Debug|Any CPU
		{AEEDDCA0-106D-47F2-A2ED-CFD24AB99715}.Release|Any CPU.ActiveCfg = Release|Any CPU
		{AEEDDCA0-106D-47F2-A2ED-CFD24AB99715}.Release|Any CPU.Build.0 = Release|Any CPU
		{AEEDDCA0-106D-47F2-A2ED-CFD24AB99715}.Release|x64.ActiveCfg = Release|Any CPU
		{AEEDDCA0-106D-47F2-A2ED-CFD24AB99715}.Release|x64.Build.0 = Release|Any CPU
		{AEEDDCA0-106D-47F2-A2ED-CFD24AB99715}.Release|x86.ActiveCfg = Release|Any CPU
		{AEEDDCA0-106D-47F2-A2ED-CFD24AB99715}.Release|x86.Build.0 = Release|Any CPU
	EndGlobalSection
	GlobalSection(SolutionProperties) = preSolution
		HideSolutionNode = FALSE
	EndGlobalSection
	GlobalSection(NestedProjects) = preSolution
		{D3DC5822-E170-43D9-995F-26A75E084F13} = {827E0CD3-B72D-47B6-A68D-7590B98EB39B}
		{B86DCE18-F88B-4303-AC34-770BB597D809} = {827E0CD3-B72D-47B6-A68D-7590B98EB39B}
		{0220D8C1-E5D7-418C-BB5B-C8A3B7CF8A61} = {827E0CD3-B72D-47B6-A68D-7590B98EB39B}
		{1F5801F2-A87C-45C3-9A78-1DA4A5CE8D23} = {827E0CD3-B72D-47B6-A68D-7590B98EB39B}
		{4D08001F-0F2F-4C81-A613-0250AB1B2471} = {827E0CD3-B72D-47B6-A68D-7590B98EB39B}
		{AEEDDCA0-106D-47F2-A2ED-CFD24AB99715} = {5D20AA90-6969-D8BD-9DCD-8634F4692FDA}
	EndGlobalSection
EndGlobal
